
Microsoft Visual Studio Solution File, Format Version 12.00
# Visual Studio 2012
Project("{FAE04EC0-301F-11D3-BF4B-00C04F79EFBC}") = "SoftCare.ClientApplication", "Aladdin.ClientApplication\SoftCare.ClientApplication.csproj", "{A6613941-C2E1-4154-A73E-13665B8053F0}"
	ProjectSection(ProjectDependencies) = postProject
		{258D667E-19A2-4A49-8334-B6CA0F400388} = {258D667E-19A2-4A49-8334-B6CA0F400388}
		{E6EBF19D-E8F2-49C7-A478-5C14F4045262} = {E6EBF19D-E8F2-49C7-A478-5C14F4045262}
	EndProjectSection
EndProject
Project("{FAE04EC0-301F-11D3-BF4B-00C04F79EFBC}") = "Aladdin.RiskDetection", "Aladdin.RiskDetection\Aladdin.RiskDetection.csproj", "{E6EBF19D-E8F2-49C7-A478-5C14F4045262}"
EndProject
Project("{FAE04EC0-301F-11D3-BF4B-00C04F79EFBC}") = "Aladdin.Omron", "Aladdin.Omron\Aladdin.Omron.csproj", "{258D667E-19A2-4A49-8334-B6CA0F400388}"
EndProject
Project("{FAE04EC0-301F-11D3-BF4B-00C04F79EFBC}") = "Aladdin.DataModel", "Aladdin.DataModel\Aladdin.DataModel.csproj", "{1F2AA1E0-C010-4748-9834-0B0E96419301}"
EndProject
Project("{2150E333-8FDC-42A3-9474-1A3956D46DE8}") = "Solution Items", "Solution Items", "{9D93C1D8-3573-46FD-8B07-1ED132B7474C}"
	ProjectSection(SolutionItems) = preProject
		Readme.md = Readme.md
	EndProjectSection
EndProject
Global
	GlobalSection(SolutionConfigurationPlatforms) = preSolution
		CD_ROM|Any CPU = CD_ROM|Any CPU
		CD_ROM|Mixed Platforms = CD_ROM|Mixed Platforms
		CD_ROM|x86 = CD_ROM|x86
		Debug|Any CPU = Debug|Any CPU
		Debug|Mixed Platforms = Debug|Mixed Platforms
		Debug|x86 = Debug|x86
		DVD-5|Any CPU = DVD-5|Any CPU
		DVD-5|Mixed Platforms = DVD-5|Mixed Platforms
		DVD-5|x86 = DVD-5|x86
		Release|Any CPU = Release|Any CPU
		Release|Mixed Platforms = Release|Mixed Platforms
		Release|x86 = Release|x86
		SingleImage|Any CPU = SingleImage|Any CPU
		SingleImage|Mixed Platforms = SingleImage|Mixed Platforms
		SingleImage|x86 = SingleImage|x86
	EndGlobalSection
	GlobalSection(ProjectConfigurationPlatforms) = postSolution
		{A6613941-C2E1-4154-A73E-13665B8053F0}.CD_ROM|Any CPU.ActiveCfg = Release|x86
		{A6613941-C2E1-4154-A73E-13665B8053F0}.CD_ROM|Mixed Platforms.ActiveCfg = Release|x86
		{A6613941-C2E1-4154-A73E-13665B8053F0}.CD_ROM|Mixed Platforms.Build.0 = Release|x86
		{A6613941-C2E1-4154-A73E-13665B8053F0}.CD_ROM|x86.ActiveCfg = Release|x86
		{A6613941-C2E1-4154-A73E-13665B8053F0}.CD_ROM|x86.Build.0 = Release|x86
		{A6613941-C2E1-4154-A73E-13665B8053F0}.Debug|Any CPU.ActiveCfg = Debug|x86
		{A6613941-C2E1-4154-A73E-13665B8053F0}.Debug|Mixed Platforms.ActiveCfg = Debug|x86
		{A6613941-C2E1-4154-A73E-13665B8053F0}.Debug|Mixed Platforms.Build.0 = Debug|x86
		{A6613941-C2E1-4154-A73E-13665B8053F0}.Debug|x86.ActiveCfg = Debug|x86
		{A6613941-C2E1-4154-A73E-13665B8053F0}.Debug|x86.Build.0 = Debug|x86
		{A6613941-C2E1-4154-A73E-13665B8053F0}.DVD-5|Any CPU.ActiveCfg = Debug|x86
		{A6613941-C2E1-4154-A73E-13665B8053F0}.DVD-5|Mixed Platforms.ActiveCfg = Debug|x86
		{A6613941-C2E1-4154-A73E-13665B8053F0}.DVD-5|Mixed Platforms.Build.0 = Debug|x86
		{A6613941-C2E1-4154-A73E-13665B8053F0}.DVD-5|x86.ActiveCfg = Debug|x86
		{A6613941-C2E1-4154-A73E-13665B8053F0}.DVD-5|x86.Build.0 = Debug|x86
		{A6613941-C2E1-4154-A73E-13665B8053F0}.Release|Any CPU.ActiveCfg = Release|x86
		{A6613941-C2E1-4154-A73E-13665B8053F0}.Release|Mixed Platforms.ActiveCfg = Release|x86
		{A6613941-C2E1-4154-A73E-13665B8053F0}.Release|Mixed Platforms.Build.0 = Release|x86
		{A6613941-C2E1-4154-A73E-13665B8053F0}.Release|x86.ActiveCfg = Release|x86
		{A6613941-C2E1-4154-A73E-13665B8053F0}.Release|x86.Build.0 = Release|x86
		{A6613941-C2E1-4154-A73E-13665B8053F0}.SingleImage|Any CPU.ActiveCfg = Release|x86
		{A6613941-C2E1-4154-A73E-13665B8053F0}.SingleImage|Mixed Platforms.ActiveCfg = Release|x86
		{A6613941-C2E1-4154-A73E-13665B8053F0}.SingleImage|Mixed Platforms.Build.0 = Release|x86
		{A6613941-C2E1-4154-A73E-13665B8053F0}.SingleImage|x86.ActiveCfg = Release|x86
		{A6613941-C2E1-4154-A73E-13665B8053F0}.SingleImage|x86.Build.0 = Release|x86
		{E6EBF19D-E8F2-49C7-A478-5C14F4045262}.CD_ROM|Any CPU.ActiveCfg = Release|x86
		{E6EBF19D-E8F2-49C7-A478-5C14F4045262}.CD_ROM|Mixed Platforms.ActiveCfg = Release|x86
		{E6EBF19D-E8F2-49C7-A478-5C14F4045262}.CD_ROM|Mixed Platforms.Build.0 = Release|x86
		{E6EBF19D-E8F2-49C7-A478-5C14F4045262}.CD_ROM|x86.ActiveCfg = Release|x86
		{E6EBF19D-E8F2-49C7-A478-5C14F4045262}.CD_ROM|x86.Build.0 = Release|x86
		{E6EBF19D-E8F2-49C7-A478-5C14F4045262}.Debug|Any CPU.ActiveCfg = Debug|x86
		{E6EBF19D-E8F2-49C7-A478-5C14F4045262}.Debug|Mixed Platforms.ActiveCfg = Debug|x86
		{E6EBF19D-E8F2-49C7-A478-5C14F4045262}.Debug|Mixed Platforms.Build.0 = Debug|x86
		{E6EBF19D-E8F2-49C7-A478-5C14F4045262}.Debug|x86.ActiveCfg = Debug|x86
		{E6EBF19D-E8F2-49C7-A478-5C14F4045262}.Debug|x86.Build.0 = Debug|x86
		{E6EBF19D-E8F2-49C7-A478-5C14F4045262}.DVD-5|Any CPU.ActiveCfg = Debug|x86
		{E6EBF19D-E8F2-49C7-A478-5C14F4045262}.DVD-5|Mixed Platforms.ActiveCfg = Debug|x86
		{E6EBF19D-E8F2-49C7-A478-5C14F4045262}.DVD-5|Mixed Platforms.Build.0 = Debug|x86
		{E6EBF19D-E8F2-49C7-A478-5C14F4045262}.DVD-5|x86.ActiveCfg = Debug|x86
		{E6EBF19D-E8F2-49C7-A478-5C14F4045262}.DVD-5|x86.Build.0 = Debug|x86
		{E6EBF19D-E8F2-49C7-A478-5C14F4045262}.Release|Any CPU.ActiveCfg = Release|x86
		{E6EBF19D-E8F2-49C7-A478-5C14F4045262}.Release|Mixed Platforms.ActiveCfg = Release|x86
		{E6EBF19D-E8F2-49C7-A478-5C14F4045262}.Release|Mixed Platforms.Build.0 = Release|x86
		{E6EBF19D-E8F2-49C7-A478-5C14F4045262}.Release|x86.ActiveCfg = Release|x86
		{E6EBF19D-E8F2-49C7-A478-5C14F4045262}.Release|x86.Build.0 = Release|x86
		{E6EBF19D-E8F2-49C7-A478-5C14F4045262}.SingleImage|Any CPU.ActiveCfg = Release|x86
		{E6EBF19D-E8F2-49C7-A478-5C14F4045262}.SingleImage|Mixed Platforms.ActiveCfg = Release|x86
		{E6EBF19D-E8F2-49C7-A478-5C14F4045262}.SingleImage|Mixed Platforms.Build.0 = Release|x86
		{E6EBF19D-E8F2-49C7-A478-5C14F4045262}.SingleImage|x86.ActiveCfg = Release|x86
		{E6EBF19D-E8F2-49C7-A478-5C14F4045262}.SingleImage|x86.Build.0 = Release|x86
		{258D667E-19A2-4A49-8334-B6CA0F400388}.CD_ROM|Any CPU.ActiveCfg = Release|Any CPU
		{258D667E-19A2-4A49-8334-B6CA0F400388}.CD_ROM|Any CPU.Build.0 = Release|Any CPU
		{258D667E-19A2-4A49-8334-B6CA0F400388}.CD_ROM|Mixed Platforms.ActiveCfg = Release|Any CPU
		{258D667E-19A2-4A49-8334-B6CA0F400388}.CD_ROM|Mixed Platforms.Build.0 = Release|Any CPU
		{258D667E-19A2-4A49-8334-B6CA0F400388}.CD_ROM|x86.ActiveCfg = Release|Any CPU
		{258D667E-19A2-4A49-8334-B6CA0F400388}.Debug|Any CPU.ActiveCfg = Debug|Any CPU
		{258D667E-19A2-4A49-8334-B6CA0F400388}.Debug|Any CPU.Build.0 = Debug|Any CPU
		{258D667E-19A2-4A49-8334-B6CA0F400388}.Debug|Mixed Platforms.ActiveCfg = Debug|Any CPU
		{258D667E-19A2-4A49-8334-B6CA0F400388}.Debug|Mixed Platforms.Build.0 = Debug|Any CPU
		{258D667E-19A2-4A49-8334-B6CA0F400388}.Debug|x86.ActiveCfg = Debug|Any CPU
		{258D667E-19A2-4A49-8334-B6CA0F400388}.DVD-5|Any CPU.ActiveCfg = Debug|Any CPU
		{258D667E-19A2-4A49-8334-B6CA0F400388}.DVD-5|Any CPU.Build.0 = Debug|Any CPU
		{258D667E-19A2-4A49-8334-B6CA0F400388}.DVD-5|Mixed Platforms.ActiveCfg = Debug|Any CPU
		{258D667E-19A2-4A49-8334-B6CA0F400388}.DVD-5|Mixed Platforms.Build.0 = Debug|Any CPU
		{258D667E-19A2-4A49-8334-B6CA0F400388}.DVD-5|x86.ActiveCfg = Debug|Any CPU
		{258D667E-19A2-4A49-8334-B6CA0F400388}.Release|Any CPU.ActiveCfg = Release|Any CPU
		{258D667E-19A2-4A49-8334-B6CA0F400388}.Release|Any CPU.Build.0 = Release|Any CPU
		{258D667E-19A2-4A49-8334-B6CA0F400388}.Release|Mixed Platforms.ActiveCfg = Release|Any CPU
		{258D667E-19A2-4A49-8334-B6CA0F400388}.Release|Mixed Platforms.Build.0 = Release|Any CPU
		{258D667E-19A2-4A49-8334-B6CA0F400388}.Release|x86.ActiveCfg = Release|Any CPU
		{258D667E-19A2-4A49-8334-B6CA0F400388}.SingleImage|Any CPU.ActiveCfg = Release|Any CPU
		{258D667E-19A2-4A49-8334-B6CA0F400388}.SingleImage|Any CPU.Build.0 = Release|Any CPU
		{258D667E-19A2-4A49-8334-B6CA0F400388}.SingleImage|Mixed Platforms.ActiveCfg = Release|Any CPU
		{258D667E-19A2-4A49-8334-B6CA0F400388}.SingleImage|Mixed Platforms.Build.0 = Release|Any CPU
		{258D667E-19A2-4A49-8334-B6CA0F400388}.SingleImage|x86.ActiveCfg = Release|Any CPU
		{1F2AA1E0-C010-4748-9834-0B0E96419301}.CD_ROM|Any CPU.ActiveCfg = Release|Any CPU
		{1F2AA1E0-C010-4748-9834-0B0E96419301}.CD_ROM|Any CPU.Build.0 = Release|Any CPU
		{1F2AA1E0-C010-4748-9834-0B0E96419301}.CD_ROM|Mixed Platforms.ActiveCfg = Release|Any CPU
		{1F2AA1E0-C010-4748-9834-0B0E96419301}.CD_ROM|Mixed Platforms.Build.0 = Release|Any CPU
		{1F2AA1E0-C010-4748-9834-0B0E96419301}.CD_ROM|x86.ActiveCfg = Release|Any CPU
		{1F2AA1E0-C010-4748-9834-0B0E96419301}.Debug|Any CPU.ActiveCfg = Debug|Any CPU
		{1F2AA1E0-C010-4748-9834-0B0E96419301}.Debug|Any CPU.Build.0 = Debug|Any CPU
		{1F2AA1E0-C010-4748-9834-0B0E96419301}.Debug|Mixed Platforms.ActiveCfg = Debug|Any CPU
		{1F2AA1E0-C010-4748-9834-0B0E96419301}.Debug|Mixed Platforms.Build.0 = Debug|Any CPU
		{1F2AA1E0-C010-4748-9834-0B0E96419301}.Debug|x86.ActiveCfg = Debug|Any CPU
		{1F2AA1E0-C010-4748-9834-0B0E96419301}.DVD-5|Any CPU.ActiveCfg = Debug|Any CPU
		{1F2AA1E0-C010-4748-9834-0B0E96419301}.DVD-5|Any CPU.Build.0 = Debug|Any CPU
		{1F2AA1E0-C010-4748-9834-0B0E96419301}.DVD-5|Mixed Platforms.ActiveCfg = Debug|Any CPU
		{1F2AA1E0-C010-4748-9834-0B0E96419301}.DVD-5|Mixed Platforms.Build.0 = Debug|Any CPU
		{1F2AA1E0-C010-4748-9834-0B0E96419301}.DVD-5|x86.ActiveCfg = Debug|Any CPU
		{1F2AA1E0-C010-4748-9834-0B0E96419301}.Release|Any CPU.ActiveCfg = Release|Any CPU
		{1F2AA1E0-C010-4748-9834-0B0E96419301}.Release|Any CPU.Build.0 = Release|Any CPU
		{1F2AA1E0-C010-4748-9834-0B0E96419301}.Release|Mixed Platforms.ActiveCfg = Release|Any CPU
		{1F2AA1E0-C010-4748-9834-0B0E96419301}.Release|Mixed Platforms.Build.0 = Release|Any CPU
		{1F2AA1E0-C010-4748-9834-0B0E96419301}.Release|x86.ActiveCfg = Release|Any CPU
		{1F2AA1E0-C010-4748-9834-0B0E96419301}.SingleImage|Any CPU.ActiveCfg = Release|Any CPU
		{1F2AA1E0-C010-4748-9834-0B0E96419301}.SingleImage|Any CPU.Build.0 = Release|Any CPU
		{1F2AA1E0-C010-4748-9834-0B0E96419301}.SingleImage|Mixed Platforms.ActiveCfg = Release|Any CPU
		{1F2AA1E0-C010-4748-9834-0B0E96419301}.SingleImage|Mixed Platforms.Build.0 = Release|Any CPU
		{1F2AA1E0-C010-4748-9834-0B0E96419301}.SingleImage|x86.ActiveCfg = Release|Any CPU
		{1923D616-01BF-4496-BDDA-30CADD1D0A30}.CD_ROM|Any CPU.ActiveCfg = CD_ROM
		{1923D616-01BF-4496-BDDA-30CADD1D0A30}.CD_ROM|Any CPU.Build.0 = CD_ROM
		{1923D616-01BF-4496-BDDA-30CADD1D0A30}.CD_ROM|Mixed Platforms.ActiveCfg = CD_ROM
		{1923D616-01BF-4496-BDDA-30CADD1D0A30}.CD_ROM|Mixed Platforms.Build.0 = CD_ROM
		{1923D616-01BF-4496-BDDA-30CADD1D0A30}.CD_ROM|x86.ActiveCfg = CD_ROM
		{1923D616-01BF-4496-BDDA-30CADD1D0A30}.CD_ROM|x86.Build.0 = CD_ROM
		{1923D616-01BF-4496-BDDA-30CADD1D0A30}.Debug|Any CPU.ActiveCfg = DVD-5
		{1923D616-01BF-4496-BDDA-30CADD1D0A30}.Debug|Any CPU.Build.0 = DVD-5
		{1923D616-01BF-4496-BDDA-30CADD1D0A30}.Debug|Mixed Platforms.ActiveCfg = DVD-5
		{1923D616-01BF-4496-BDDA-30CADD1D0A30}.Debug|x86.ActiveCfg = DVD-5
		{1923D616-01BF-4496-BDDA-30CADD1D0A30}.Debug|x86.Build.0 = DVD-5
		{1923D616-01BF-4496-BDDA-30CADD1D0A30}.DVD-5|Any CPU.ActiveCfg = DVD-5
		{1923D616-01BF-4496-BDDA-30CADD1D0A30}.DVD-5|Any CPU.Build.0 = DVD-5
		{1923D616-01BF-4496-BDDA-30CADD1D0A30}.DVD-5|Mixed Platforms.ActiveCfg = DVD-5
		{1923D616-01BF-4496-BDDA-30CADD1D0A30}.DVD-5|Mixed Platforms.Build.0 = DVD-5
		{1923D616-01BF-4496-BDDA-30CADD1D0A30}.DVD-5|x86.ActiveCfg = DVD-5
		{1923D616-01BF-4496-BDDA-30CADD1D0A30}.DVD-5|x86.Build.0 = DVD-5
		{1923D616-01BF-4496-BDDA-30CADD1D0A30}.Release|Any CPU.ActiveCfg = SingleImage
		{1923D616-01BF-4496-BDDA-30CADD1D0A30}.Release|Any CPU.Build.0 = SingleImage
		{1923D616-01BF-4496-BDDA-30CADD1D0A30}.Release|Mixed Platforms.ActiveCfg = SingleImage
		{1923D616-01BF-4496-BDDA-30CADD1D0A30}.Release|Mixed Platforms.Build.0 = SingleImage
		{1923D616-01BF-4496-BDDA-30CADD1D0A30}.Release|x86.ActiveCfg = SingleImage
		{1923D616-01BF-4496-BDDA-30CADD1D0A30}.Release|x86.Build.0 = SingleImage
		{1923D616-01BF-4496-BDDA-30CADD1D0A30}.SingleImage|Any CPU.ActiveCfg = SingleImage
		{1923D616-01BF-4496-BDDA-30CADD1D0A30}.SingleImage|Any CPU.Build.0 = SingleImage
		{1923D616-01BF-4496-BDDA-30CADD1D0A30}.SingleImage|Mixed Platforms.ActiveCfg = SingleImage
		{1923D616-01BF-4496-BDDA-30CADD1D0A30}.SingleImage|Mixed Platforms.Build.0 = SingleImage
		{1923D616-01BF-4496-BDDA-30CADD1D0A30}.SingleImage|x86.ActiveCfg = SingleImage
		{1923D616-01BF-4496-BDDA-30CADD1D0A30}.SingleImage|x86.Build.0 = SingleImage
	EndGlobalSection
	GlobalSection(SolutionProperties) = preSolution
		HideSolutionNode = FALSE
	EndGlobalSection
EndGlobal
